{
  "nodes": {
    "nixpkgs": {
      "locked": {
        "lastModified": 1780428795,
        "narHash": "sha256-bkOpztHwBpVaIfSh6V37nZuuS6aiadsmdGngJlOsK8Q=",
        "owner": "NixOS",
        "repo": "nixpkgs",
        "rev": "8cbf0dd53e79807b55edc28af4f45601d095285a",
        "type": "github"
      },
      "original": {
        "owner": "NixOS",
        "repo": "nixpkgs",
        "type": "github"
      }
    },
    "root": {
      "inputs": {
        "nixpkgs": "nixpkgs"
      }
    }
  },
  "root": "root",
  "version": 7
}
